
Microsoft Visual Studio Solution File, Format Version 12.00
# Visual Studio 14
VisualStudioVersion = 14.0.25420.1
MinimumVisualStudioVersion = 10.0.40219.1
Project("{2150E333-8FDC-42A3-9474-1A3956D46DE8}") = "src", "src", "{14DCFAB4-831E-4196-A783-A1F128090031}"
	ProjectSection(SolutionItems) = preProject
		src\BasicAuthentication\README.md = src\BasicAuthentication\README.md
	EndProjectSection
EndProject
Project("{2150E333-8FDC-42A3-9474-1A3956D46DE8}") = "Solution Items", "Solution Items", "{EA4C2C1A-A174-4A71-AB08-C68B67162DE8}"
	ProjectSection(SolutionItems) = preProject
		global.json = global.json
	EndProjectSection
EndProject
Project("{8BB2217D-0F2D-49D1-97BC-3654ED321F3B}") = "BasicAuthentication", "src\BasicAuthentication\BasicAuthentication.xproj", "{D2A48388-977A-4F95-8F22-3FDADD66B6AA}"
EndProject
Global
	GlobalSection(SolutionConfigurationPlatforms) = preSolution
		Debug|Any CPU = Debug|Any CPU
		Release|Any CPU = Release|Any CPU
	EndGlobalSection
	GlobalSection(ProjectConfigurationPlatforms) = postSolution
		{D2A48388-977A-4F95-8F22-3FDADD66B6AA}.Debug|Any CPU.ActiveCfg = Debug|Any CPU
		{D2A48388-977A-4F95-8F22-3FDADD66B6AA}.Debug|Any CPU.Build.0 = Debug|Any CPU
		{D2A48388-977A-4F95-8F22-3FDADD66B6AA}.Release|Any CPU.ActiveCfg = Release|Any CPU
		{D2A48388-977A-4F95-8F22-3FDADD66B6AA}.Release|Any CPU.Build.0 = Release|Any CPU
	EndGlobalSection
	GlobalSection(SolutionProperties) = preSolution
		HideSolutionNode = FALSE
	EndGlobalSection
	GlobalSection(NestedProjects) = preSolution
		{D2A48388-977A-4F95-8F22-3FDADD66B6AA} = {14DCFAB4-831E-4196-A783-A1F128090031}
	EndGlobalSection
EndGlobal
